
Microsoft Visual Studio Solution File, Format Version 12.00
# Visual Studio 15
VisualStudioVersion = 15.0.26730.12
MinimumVisualStudioVersion = 10.0.40219.1
Project("{FAE04EC0-301F-11D3-BF4B-00C04F79EFBC}") = "WebOppointmentApi", "WebOppointmentApi\WebOppointmentApi.csproj", "{DE8F8CDE-F098-4623-AA8F-1BCD41B643BF}"
EndProject
Global
	GlobalSection(SolutionConfigurationPlatforms) = preSolution
		Debug|Any CPU = Debug|Any CPU
		Release|Any CPU = Release|Any CPU
	EndGlobalSection
	GlobalSection(ProjectConfigurationPlatforms) = postSolution
		{DE8F8CDE-F098-4623-AA8F-1BCD41B643BF}.Debug|Any CPU.ActiveCfg = Debug|Any CPU
		{DE8F8CDE-F098-4623-AA8F-1BCD41B643BF}.Debug|Any CPU.Build.0 = Debug|Any CPU
		{DE8F8CDE-F098-4623-AA8F-1BCD41B643BF}.Release|Any CPU.ActiveCfg = Release|Any CPU
		{DE8F8CDE-F098-4623-AA8F-1BCD41B643BF}.Release|Any CPU.Build.0 = Release|Any CPU
	EndGlobalSection
	GlobalSection(SolutionProperties) = preSolution
		HideSolutionNode = FALSE
	EndGlobalSection
	GlobalSection(ExtensibilityGlobals) = postSolution
		SolutionGuid = {E77192EB-3816-4517-A4FE-DA64244BA3E0}
	EndGlobalSection
EndGlobal
